{
  "nodes": {
    "flake-utils": {
      "locked": {
        "lastModified": 1638122382,
        "narHash": "sha256-sQzZzAbvKEqN9s0bzWuYmRaA03v40gaJ4+iL1LXjaeI=",
        "owner": "numtide",
        "repo": "flake-utils",
        "rev": "74f7e4319258e287b0f9cb95426c9853b282730b",
        "type": "github"
      },
      "original": {
        "owner": "numtide",
        "repo": "flake-utils",
        "type": "github"
      }
    },
    "nixpkgs": {
      "locked": {
        "lastModified": 1642609835,
        "narHash": "sha256-ZwJnV4mdis28u5vH240ec2mrApuEJYJekn23qlTwJ8c=",
        "owner": "NixOS",
        "repo": "nixpkgs",
        "rev": "77aa71f66fd05d9e7b7d1c084865d703a8008ab7",
        "type": "github"
      },
      "original": {
        "owner": "NixOS",
        "ref": "nixos-21.11",
        "repo": "nixpkgs",
        "type": "github"
      }
    },
    "nixpkgsUnstable": {
      "locked": {
        "lastModified": 1642336556,
        "narHash": "sha256-QSPPbFEwy0T0DrIuSzAACkaANPQaR1lZR/nHZGz9z04=",
        "owner": "NixOS",
        "repo": "nixpkgs",
        "rev": "f3d9d4bd898cca7d04af2ae4f6ef01f2219df3d6",
        "type": "github"
      },
      "original": {
        "owner": "NixOS",
        "ref": "nixpkgs-unstable",
        "repo": "nixpkgs",
        "type": "github"
      }
    },
    "root": {
      "inputs": {
        "flake-utils": "flake-utils",
        "nixpkgs": "nixpkgs",
        "nixpkgsUnstable": "nixpkgsUnstable"
      }
    }
  },
  "root": "root",
  "version": 7
}
