{
  "nodes": {
    "flake-utils": {
      "inputs": {
        "systems": "systems"
      },
      "locked": {
        "lastModified": 1731533236,
        "narHash": "sha256-l0KFg5HjrsfsO/JpG+r7fRrqm12kzFHyUHqHCVpMMbI=",
        "owner": "numtide",
        "repo": "flake-utils",
        "rev": "11707dc2f618dd54ca8739b309ec4fc024de578b",
        "type": "github"
      },
      "original": {
        "owner": "numtide",
        "repo": "flake-utils",
        "type": "github"
      }
    },
    "nixos-infra": {
      "flake": false,
      "locked": {
        "lastModified": 1737579535,
        "narHash": "sha256-IeklIesD3zumI8MFcqhjrtfGQrqloUj2mJcfSFhN9+c=",
        "owner": "NixOS",
        "repo": "infra",
        "rev": "2b1a28351e022cfad8d7c6190279560aaedd5a5d",
        "type": "github"
      },
      "original": {
        "owner": "NixOS",
        "repo": "infra",
        "type": "github"
      }
    },
    "nixos-search": {
      "inputs": {
        "flake-utils": "flake-utils",
        "nixos-infra": "nixos-infra",
        "nixpkgs": "nixpkgs",
        "nixpkgs-npmlock2nix": "nixpkgs-npmlock2nix",
        "npmlock2nix": "npmlock2nix"
      },
      "locked": {
        "lastModified": 1737850675,
        "narHash": "sha256-69pa1wSXHNO/mCd/WMpKPclcgqe8D6+GqlAyRielAiA=",
        "owner": "nixos",
        "repo": "nixos-search",
        "rev": "937c3999f65a664ed06b7effc1af7354910c2851",
        "type": "github"
      },
      "original": {
        "owner": "nixos",
        "repo": "nixos-search",
        "type": "github"
      }
    },
    "nixpkgs": {
      "locked": {
        "lastModified": 1737746512,
        "narHash": "sha256-nU6AezEX4EuahTO1YopzueAXfjFfmCHylYEFCagduHU=",
        "owner": "NixOS",
        "repo": "nixpkgs",
        "rev": "825479c345a7f806485b7f00dbe3abb50641b083",
        "type": "github"
      },
      "original": {
        "id": "nixpkgs",
        "ref": "nixos-unstable",
        "type": "indirect"
      }
    },
    "nixpkgs-npmlock2nix": {
      "locked": {
        "lastModified": 1636623366,
        "narHash": "sha256-jOQMlv9qFSj0U66HB+ujZoapty0UbewmSNbX8+3ujUQ=",
        "owner": "NixOS",
        "repo": "nixpkgs",
        "rev": "c5ed8beb478a8ca035f033f659b60c89500a3034",
        "type": "github"
      },
      "original": {
        "id": "nixpkgs",
        "rev": "c5ed8beb478a8ca035f033f659b60c89500a3034",
        "type": "indirect"
      }
    },
    "npmlock2nix": {
      "flake": false,
      "locked": {
        "lastModified": 1673447413,
        "narHash": "sha256-sJM82Sj8yfQYs9axEmGZ9Evzdv/kDcI9sddqJ45frrU=",
        "owner": "nix-community",
        "repo": "npmlock2nix",
        "rev": "9197bbf397d76059a76310523d45df10d2e4ca81",
        "type": "github"
      },
      "original": {
        "owner": "nix-community",
        "repo": "npmlock2nix",
        "type": "github"
      }
    },
    "root": {
      "inputs": {
        "nixos-search": "nixos-search"
      }
    },
    "systems": {
      "locked": {
        "lastModified": 1681028828,
        "narHash": "sha256-Vy1rq5AaRuLzOxct8nz4T6wlgyUR7zLU309k9mBC768=",
        "owner": "nix-systems",
        "repo": "default",
        "rev": "da67096a3b9bf56a91d16901293e51ba5b49a27e",
        "type": "github"
      },
      "original": {
        "owner": "nix-systems",
        "repo": "default",
        "type": "github"
      }
    }
  },
  "root": "root",
  "version": 7
}
