{
  "nodes": {
    "flake-utils": {
      "locked": {
        "lastModified": 1649676176,
        "narHash": "sha256-OWKJratjt2RW151VUlJPRALb7OU2S5s+f0vLj4o1bHM=",
        "owner": "numtide",
        "repo": "flake-utils",
        "rev": "a4b154ebbdc88c8498a5c7b01589addc9e9cb678",
        "type": "github"
      },
      "original": {
        "owner": "numtide",
        "repo": "flake-utils",
        "type": "github"
      }
    },
    "nixos-org-configurations": {
      "flake": false,
      "locked": {
        "lastModified": 1651495498,
        "narHash": "sha256-u/WU4G+DBJp7L8UO7UMLcor7QHfHp8P6pKwDPhBz504=",
        "owner": "NixOS",
        "repo": "nixos-org-configurations",
        "rev": "2a65c35c03163f0ecbe0f86f4bd56aaf5c4f4dd0",
        "type": "github"
      },
      "original": {
        "owner": "NixOS",
        "repo": "nixos-org-configurations",
        "type": "github"
      }
    },
    "nixos-search": {
      "inputs": {
        "flake-utils": "flake-utils",
        "nixos-org-configurations": "nixos-org-configurations",
        "nixpkgs": "nixpkgs"
      },
      "locked": {
        "lastModified": 1652295804,
        "narHash": "sha256-VzvA5YxzPsn4t2tFLgj+QavsdO2YpH/1d3xrZ/18VdQ=",
        "owner": "nixos",
        "repo": "nixos-search",
        "rev": "3b41f2dcfd3448efea38f241c5229ac4948e51a7",
        "type": "github"
      },
      "original": {
        "owner": "nixos",
        "repo": "nixos-search",
        "type": "github"
      }
    },
    "nixpkgs": {
      "locked": {
        "lastModified": 1651726670,
        "narHash": "sha256-dSGdzB49SEvdOJvrQWfQYkAefewXraHIV08Vz6iDXWQ=",
        "owner": "NixOS",
        "repo": "nixpkgs",
        "rev": "c777cdf5c564015d5f63b09cc93bef4178b19b01",
        "type": "github"
      },
      "original": {
        "id": "nixpkgs",
        "ref": "nixos-unstable",
        "type": "indirect"
      }
    },
    "root": {
      "inputs": {
        "nixos-search": "nixos-search"
      }
    }
  },
  "root": "root",
  "version": 7
}
